// !$*UTF8*$!
{
	archiveVersion = 1;
	classes = {
	};
	objectVersion = 56;
	objects = {

/* Begin PBXBuildFile section */
		486670962D33214800CCADBD /* AddingProtocol.swift in Sources */ = {isa = PBXBuildFile; fileRef = 486670952D33214800CCADBD /* AddingProtocol.swift */; };
		4866709A2D33230700CCADBD /* AddMovieScreen.swift in Sources */ = {isa = PBXBuildFile; fileRef = 486670992D33230700CCADBD /* AddMovieScreen.swift */; };
		48A0F3562D37082000AA8C39 /* SQLManager.swift in Sources */ = {isa = PBXBuildFile; fileRef = 48A0F3552D37082000AA8C39 /* SQLManager.swift */; };
		48BC7DD32D2F2570006248D8 /* AppDelegate.swift in Sources */ = {isa = PBXBuildFile; fileRef = 48BC7DD22D2F2570006248D8 /* AppDelegate.swift */; };
		48BC7DD52D2F2570006248D8 /* SceneDelegate.swift in Sources */ = {isa = PBXBuildFile; fileRef = 48BC7DD42D2F2570006248D8 /* SceneDelegate.swift */; };
		48BC7DDA2D2F2570006248D8 /* Main.storyboard in Resources */ = {isa = PBXBuildFile; fileRef = 48BC7DD82D2F2570006248D8 /* Main.storyboard */; };
		48BC7DDC2D2F2572006248D8 /* Assets.xcassets in Resources */ = {isa = PBXBuildFile; fileRef = 48BC7DDB2D2F2572006248D8 /* Assets.xcassets */; };
		48BC7DDF2D2F2572006248D8 /* LaunchScreen.storyboard in Resources */ = {isa = PBXBuildFile; fileRef = 48BC7DDD2D2F2572006248D8 /* LaunchScreen.storyboard */; };
		48BC7DEA2D2F2573006248D8 /* MovieListTests.swift in Sources */ = {isa = PBXBuildFile; fileRef = 48BC7DE92D2F2573006248D8 /* MovieListTests.swift */; };
		48BC7DF42D2F2573006248D8 /* MovieListUITests.swift in Sources */ = {isa = PBXBuildFile; fileRef = 48BC7DF32D2F2573006248D8 /* MovieListUITests.swift */; };
		48BC7DF62D2F2573006248D8 /* MovieListUITestsLaunchTests.swift in Sources */ = {isa = PBXBuildFile; fileRef = 48BC7DF52D2F2573006248D8 /* MovieListUITestsLaunchTests.swift */; };
		48BC7E052D2F2A32006248D8 /* Movie.swift in Sources */ = {isa = PBXBuildFile; fileRef = 48BC7E042D2F2A32006248D8 /* Movie.swift */; };
		48BC7E072D2F2A62006248D8 /* TableViewController.swift in Sources */ = {isa = PBXBuildFile; fileRef = 48BC7E062D2F2A62006248D8 /* TableViewController.swift */; };
		48BC7E0B2D2F3787006248D8 /* SecondScreen.swift in Sources */ = {isa = PBXBuildFile; fileRef = 48BC7E0A2D2F3787006248D8 /* SecondScreen.swift */; };
		74895B9D2BD797BBEA10875D /* Pods_MovieList.framework in Frameworks */ = {isa = PBXBuildFile; fileRef = 610216559026678AC3C511AC /* Pods_MovieList.framework */; };
/* End PBXBuildFile section */

/* Begin PBXContainerItemProxy section */
		48BC7DE62D2F2573006248D8 /* PBXContainerItemProxy */ = {
			isa = PBXContainerItemProxy;
			containerPortal = 48BC7DC72D2F2570006248D8 /* Project object */;
			proxyType = 1;
			remoteGlobalIDString = 48BC7DCE2D2F2570006248D8;
			remoteInfo = MovieList;
		};
		48BC7DF02D2F2573006248D8 /* PBXContainerItemProxy */ = {
			isa = PBXContainerItemProxy;
			containerPortal = 48BC7DC72D2F2570006248D8 /* Project object */;
			proxyType = 1;
			remoteGlobalIDString = 48BC7DCE2D2F2570006248D8;
			remoteInfo = MovieList;
		};
/* End PBXContainerItemProxy section */

/* Begin PBXFileReference section */
		486670952D33214800CCADBD /* AddingProtocol.swift */ = {isa = PBXFileReference; lastKnownFileType = sourcecode.swift; path = AddingProtocol.swift; sourceTree = "<group>"; };
		486670992D33230700CCADBD /* AddMovieScreen.swift */ = {isa = PBXFileReference; lastKnownFileType = sourcecode.swift; path = AddMovieScreen.swift; sourceTree = "<group>"; };
		48A0F3552D37082000AA8C39 /* SQLManager.swift */ = {isa = PBXFileReference; lastKnownFileType = sourcecode.swift; path = SQLManager.swift; sourceTree = "<group>"; };
		48BC7DCF2D2F2570006248D8 /* MovieList.app */ = {isa = PBXFileReference; explicitFileType = wrapper.application; includeInIndex = 0; path = MovieList.app; sourceTree = BUILT_PRODUCTS_DIR; };
		48BC7DD22D2F2570006248D8 /* AppDelegate.swift */ = {isa = PBXFileReference; lastKnownFileType = sourcecode.swift; path = AppDelegate.swift; sourceTree = "<group>"; };
		48BC7DD42D2F2570006248D8 /* SceneDelegate.swift */ = {isa = PBXFileReference; lastKnownFileType = sourcecode.swift; path = SceneDelegate.swift; sourceTree = "<group>"; };
		48BC7DD92D2F2570006248D8 /* Base */ = {isa = PBXFileReference; lastKnownFileType = file.storyboard; name = Base; path = Base.lproj/Main.storyboard; sourceTree = "<group>"; };
		48BC7DDB2D2F2572006248D8 /* Assets.xcassets */ = {isa = PBXFileReference; lastKnownFileType = folder.assetcatalog; path = Assets.xcassets; sourceTree = "<group>"; };
		48BC7DDE2D2F2572006248D8 /* Base */ = {isa = PBXFileReference; lastKnownFileType = file.storyboard; name = Base; path = Base.lproj/LaunchScreen.storyboard; sourceTree = "<group>"; };
		48BC7DE02D2F2572006248D8 /* Info.plist */ = {isa = PBXFileReference; lastKnownFileType = text.plist.xml; path = Info.plist; sourceTree = "<group>"; };
		48BC7DE52D2F2573006248D8 /* MovieListTests.xctest */ = {isa = PBXFileReference; explicitFileType = wrapper.cfbundle; includeInIndex = 0; path = MovieListTests.xctest; sourceTree = BUILT_PRODUCTS_DIR; };
		48BC7DE92D2F2573006248D8 /* MovieListTests.swift */ = {isa = PBXFileReference; lastKnownFileType = sourcecode.swift; path = MovieListTests.swift; sourceTree = "<group>"; };
		48BC7DEF2D2F2573006248D8 /* MovieListUITests.xctest */ = {isa = PBXFileReference; explicitFileType = wrapper.cfbundle; includeInIndex = 0; path = MovieListUITests.xctest; sourceTree = BUILT_PRODUCTS_DIR; };
		48BC7DF32D2F2573006248D8 /* MovieListUITests.swift */ = {isa = PBXFileReference; lastKnownFileType = sourcecode.swift; path = MovieListUITests.swift; sourceTree = "<group>"; };
		48BC7DF52D2F2573006248D8 /* MovieListUITestsLaunchTests.swift */ = {isa = PBXFileReference; lastKnownFileType = sourcecode.swift; path = MovieListUITestsLaunchTests.swift; sourceTree = "<group>"; };
		48BC7E042D2F2A32006248D8 /* Movie.swift */ = {isa = PBXFileReference; lastKnownFileType = sourcecode.swift; path = Movie.swift; sourceTree = "<group>"; };
		48BC7E062D2F2A62006248D8 /* TableViewController.swift */ = {isa = PBXFileReference; lastKnownFileType = sourcecode.swift; path = TableViewController.swift; sourceTree = "<group>"; };
		48BC7E0A2D2F3787006248D8 /* SecondScreen.swift */ = {isa = PBXFileReference; lastKnownFileType = sourcecode.swift; path = SecondScreen.swift; sourceTree = "<group>"; };
		610216559026678AC3C511AC /* Pods_MovieList.framework */ = {isa = PBXFileReference; explicitFileType = wrapper.framework; includeInIndex = 0; path = Pods_MovieList.framework; sourceTree = BUILT_PRODUCTS_DIR; };
		870CEFA64DB54560A369AE18 /* Pods-MovieList.debug.xcconfig */ = {isa = PBXFileReference; includeInIndex = 1; lastKnownFileType = text.xcconfig; name = "Pods-MovieList.debug.xcconfig"; path = "Target Support Files/Pods-MovieList/Pods-MovieList.debug.xcconfig"; sourceTree = "<group>"; };
		B612545A530553FDA9A9C838 /* Pods-MovieList.release.xcconfig */ = {isa = PBXFileReference; includeInIndex = 1; lastKnownFileType = text.xcconfig; name = "Pods-MovieList.release.xcconfig"; path = "Target Support Files/Pods-MovieList/Pods-MovieList.release.xcconfig"; sourceTree = "<group>"; };
/* End PBXFileReference section */

/* Begin PBXFrameworksBuildPhase section */
		48BC7DCC2D2F2570006248D8 /* Frameworks */ = {
			isa = PBXFrameworksBuildPhase;
			buildActionMask = 2147483647;
			files = (
				74895B9D2BD797BBEA10875D /* Pods_MovieList.framework in Frameworks */,
			);
			runOnlyForDeploymentPostprocessing = 0;
		};
		48BC7DE22D2F2573006248D8 /* Frameworks */ = {
			isa = PBXFrameworksBuildPhase;
			buildActionMask = 2147483647;
			files = (
			);
			runOnlyForDeploymentPostprocessing = 0;
		};
		48BC7DEC2D2F2573006248D8 /* Frameworks */ = {
			isa = PBXFrameworksBuildPhase;
			buildActionMask = 2147483647;
			files = (
			);
			runOnlyForDeploymentPostprocessing = 0;
		};
/* End PBXFrameworksBuildPhase section */

/* Begin PBXGroup section */
		0C264E8503FFE58487CF55B6 /* Frameworks */ = {
			isa = PBXGroup;
			children = (
				610216559026678AC3C511AC /* Pods_MovieList.framework */,
			);
			name = Frameworks;
			sourceTree = "<group>";
		};
		48BC7DC62D2F2570006248D8 = {
			isa = PBXGroup;
			children = (
				48BC7DD12D2F2570006248D8 /* MovieList */,
				48BC7DE82D2F2573006248D8 /* MovieListTests */,
				48BC7DF22D2F2573006248D8 /* MovieListUITests */,
				48BC7DD02D2F2570006248D8 /* Products */,
				E0B12554512AD6CDF028088D /* Pods */,
				0C264E8503FFE58487CF55B6 /* Frameworks */,
			);
			sourceTree = "<group>";
		};
		48BC7DD02D2F2570006248D8 /* Products */ = {
			isa = PBXGroup;
			children = (
				48BC7DCF2D2F2570006248D8 /* MovieList.app */,
				48BC7DE52D2F2573006248D8 /* MovieListTests.xctest */,
				48BC7DEF2D2F2573006248D8 /* MovieListUITests.xctest */,
			);
			name = Products;
			sourceTree = "<group>";
		};
		48BC7DD12D2F2570006248D8 /* MovieList */ = {
			isa = PBXGroup;
			children = (
				48BC7DD22D2F2570006248D8 /* AppDelegate.swift */,
				48BC7DD42D2F2570006248D8 /* SceneDelegate.swift */,
				48BC7DD82D2F2570006248D8 /* Main.storyboard */,
				48BC7DDB2D2F2572006248D8 /* Assets.xcassets */,
				48BC7DDD2D2F2572006248D8 /* LaunchScreen.storyboard */,
				48BC7DE02D2F2572006248D8 /* Info.plist */,
				48BC7E042D2F2A32006248D8 /* Movie.swift */,
				48BC7E062D2F2A62006248D8 /* TableViewController.swift */,
				48BC7E0A2D2F3787006248D8 /* SecondScreen.swift */,
				486670952D33214800CCADBD /* AddingProtocol.swift */,
				486670992D33230700CCADBD /* AddMovieScreen.swift */,
				48A0F3552D37082000AA8C39 /* SQLManager.swift */,
			);
			path = MovieList;
			sourceTree = "<group>";
		};
		48BC7DE82D2F2573006248D8 /* MovieListTests */ = {
			isa = PBXGroup;
			children = (
				48BC7DE92D2F2573006248D8 /* MovieListTests.swift */,
			);
			path = MovieListTests;
			sourceTree = "<group>";
		};
		48BC7DF22D2F2573006248D8 /* MovieListUITests */ = {
			isa = PBXGroup;
			children = (
				48BC7DF32D2F2573006248D8 /* MovieListUITests.swift */,
				48BC7DF52D2F2573006248D8 /* MovieListUITestsLaunchTests.swift */,
			);
			path = MovieListUITests;
			sourceTree = "<group>";
		};
		E0B12554512AD6CDF028088D /* Pods */ = {
			isa = PBXGroup;
			children = (
				870CEFA64DB54560A369AE18 /* Pods-MovieList.debug.xcconfig */,
				B612545A530553FDA9A9C838 /* Pods-MovieList.release.xcconfig */,
			);
			path = Pods;
			sourceTree = "<group>";
		};
/* End PBXGroup section */

/* Begin PBXNativeTarget section */
		48BC7DCE2D2F2570006248D8 /* MovieList */ = {
			isa = PBXNativeTarget;
			buildConfigurationList = 48BC7DF92D2F2573006248D8 /* Build configuration list for PBXNativeTarget "MovieList" */;
			buildPhases = (
				F54EC38B6F8F70A7007268A6 /* [CP] Check Pods Manifest.lock */,
				48BC7DCB2D2F2570006248D8 /* Sources */,
				48BC7DCC2D2F2570006248D8 /* Frameworks */,
				48BC7DCD2D2F2570006248D8 /* Resources */,
				B46E8DFA13D9A55FF3EBE844 /* [CP] Embed Pods Frameworks */,
			);
			buildRules = (
			);
			dependencies = (
			);
			name = MovieList;
			productName = MovieList;
			productReference = 48BC7DCF2D2F2570006248D8 /* MovieList.app */;
			productType = "com.apple.product-type.application";
		};
		48BC7DE42D2F2573006248D8 /* MovieListTests */ = {
			isa = PBXNativeTarget;
			buildConfigurationList = 48BC7DFC2D2F2573006248D8 /* Build configuration list for PBXNativeTarget "MovieListTests" */;
			buildPhases = (
				48BC7DE12D2F2573006248D8 /* Sources */,
				48BC7DE22D2F2573006248D8 /* Frameworks */,
				48BC7DE32D2F2573006248D8 /* Resources */,
			);
			buildRules = (
			);
			dependencies = (
				48BC7DE72D2F2573006248D8 /* PBXTargetDependency */,
			);
			name = MovieListTests;
			productName = MovieListTests;
			productReference = 48BC7DE52D2F2573006248D8 /* MovieListTests.xctest */;
			productType = "com.apple.product-type.bundle.unit-test";
		};
		48BC7DEE2D2F2573006248D8 /* MovieListUITests */ = {
			isa = PBXNativeTarget;
			buildConfigurationList = 48BC7DFF2D2F2573006248D8 /* Build configuration list for PBXNativeTarget "MovieListUITests" */;
			buildPhases = (
				48BC7DEB2D2F2573006248D8 /* Sources */,
				48BC7DEC2D2F2573006248D8 /* Frameworks */,
				48BC7DED2D2F2573006248D8 /* Resources */,
			);
			buildRules = (
			);
			dependencies = (
				48BC7DF12D2F2573006248D8 /* PBXTargetDependency */,
			);
			name = MovieListUITests;
			productName = MovieListUITests;
			productReference = 48BC7DEF2D2F2573006248D8 /* MovieListUITests.xctest */;
			productType = "com.apple.product-type.bundle.ui-testing";
		};
/* End PBXNativeTarget section */

/* Begin PBXProject section */
		48BC7DC72D2F2570006248D8 /* Project object */ = {
			isa = PBXProject;
			attributes = {
				BuildIndependentTargetsInParallel = 1;
				LastSwiftUpdateCheck = 1520;
				LastUpgradeCheck = 1520;
				TargetAttributes = {
					48BC7DCE2D2F2570006248D8 = {
						CreatedOnToolsVersion = 15.2;
					};
					48BC7DE42D2F2573006248D8 = {
						CreatedOnToolsVersion = 15.2;
						TestTargetID = 48BC7DCE2D2F2570006248D8;
					};
					48BC7DEE2D2F2573006248D8 = {
						CreatedOnToolsVersion = 15.2;
						TestTargetID = 48BC7DCE2D2F2570006248D8;
					};
				};
			};
			buildConfigurationList = 48BC7DCA2D2F2570006248D8 /* Build configuration list for PBXProject "MovieList" */;
			compatibilityVersion = "Xcode 14.0";
			developmentRegion = en;
			hasScannedForEncodings = 0;
			knownRegions = (
				en,
				Base,
			);
			mainGroup = 48BC7DC62D2F2570006248D8;
			productRefGroup = 48BC7DD02D2F2570006248D8 /* Products */;
			projectDirPath = "";
			projectRoot = "";
			targets = (
				48BC7DCE2D2F2570006248D8 /* MovieList */,
				48BC7DE42D2F2573006248D8 /* MovieListTests */,
				48BC7DEE2D2F2573006248D8 /* MovieListUITests */,
			);
		};
/* End PBXProject section */

/* Begin PBXResourcesBuildPhase section */
		48BC7DCD2D2F2570006248D8 /* Resources */ = {
			isa = PBXResourcesBuildPhase;
			buildActionMask = 2147483647;
			files = (
				48BC7DDF2D2F2572006248D8 /* LaunchScreen.storyboard in Resources */,
				48BC7DDC2D2F2572006248D8 /* Assets.xcassets in Resources */,
				48BC7DDA2D2F2570006248D8 /* Main.storyboard in Resources */,
			);
			runOnlyForDeploymentPostprocessing = 0;
		};
		48BC7DE32D2F2573006248D8 /* Resources */ = {
			isa = PBXResourcesBuildPhase;
			buildActionMask = 2147483647;
			files = (
			);
			runOnlyForDeploymentPostprocessing = 0;
		};
		48BC7DED2D2F2573006248D8 /* Resources */ = {
			isa = PBXResourcesBuildPhase;
			buildActionMask = 2147483647;
			files = (
			);
			runOnlyForDeploymentPostprocessing = 0;
		};
/* End PBXResourcesBuildPhase section */

/* Begin PBXShellScriptBuildPhase section */
		B46E8DFA13D9A55FF3EBE844 /* [CP] Embed Pods Frameworks */ = {
			isa = PBXShellScriptBuildPhase;
			buildActionMask = 2147483647;
			files = (
			);
			inputFileListPaths = (
				"${PODS_ROOT}/Target Support Files/Pods-MovieList/Pods-MovieList-frameworks-${CONFIGURATION}-input-files.xcfilelist",
			);
			name = "[CP] Embed Pods Frameworks";
			outputFileListPaths = (
				"${PODS_ROOT}/Target Support Files/Pods-MovieList/Pods-MovieList-frameworks-${CONFIGURATION}-output-files.xcfilelist",
			);
			runOnlyForDeploymentPostprocessing = 0;
			shellPath = /bin/sh;
			shellScript = "\"${PODS_ROOT}/Target Support Files/Pods-MovieList/Pods-MovieList-frameworks.sh\"\n";
			showEnvVarsInLog = 0;
		};
		F54EC38B6F8F70A7007268A6 /* [CP] Check Pods Manifest.lock */ = {
			isa = PBXShellScriptBuildPhase;
			buildActionMask = 2147483647;
			files = (
			);
			inputFileListPaths = (
			);
			inputPaths = (
				"${PODS_PODFILE_DIR_PATH}/Podfile.lock",
				"${PODS_ROOT}/Manifest.lock",
			);
			name = "[CP] Check Pods Manifest.lock";
			outputFileListPaths = (
			);
			outputPaths = (
				"$(DERIVED_FILE_DIR)/Pods-MovieList-checkManifestLockResult.txt",
			);
			runOnlyForDeploymentPostprocessing = 0;
			shellPath = /bin/sh;
			shellScript = "diff \"${PODS_PODFILE_DIR_PATH}/Podfile.lock\" \"${PODS_ROOT}/Manifest.lock\" > /dev/null\nif [ $? != 0 ] ; then\n    # print error to STDERR\n    echo \"error: The sandbox is not in sync with the Podfile.lock. Run 'pod install' or update your CocoaPods installation.\" >&2\n    exit 1\nfi\n# This output is used by Xcode 'outputs' to avoid re-running this script phase.\necho \"SUCCESS\" > \"${SCRIPT_OUTPUT_FILE_0}\"\n";
			showEnvVarsInLog = 0;
		};
/* End PBXShellScriptBuildPhase section */

/* Begin PBXSourcesBuildPhase section */
		48BC7DCB2D2F2570006248D8 /* Sources */ = {
			isa = PBXSourcesBuildPhase;
			buildActionMask = 2147483647;
			files = (
				48BC7DD32D2F2570006248D8 /* AppDelegate.swift in Sources */,
				48BC7E052D2F2A32006248D8 /* Movie.swift in Sources */,
				486670962D33214800CCADBD /* AddingProtocol.swift in Sources */,
				48BC7DD52D2F2570006248D8 /* SceneDelegate.swift in Sources */,
				4866709A2D33230700CCADBD /* AddMovieScreen.swift in Sources */,
				48BC7E072D2F2A62006248D8 /* TableViewController.swift in Sources */,
				48A0F3562D37082000AA8C39 /* SQLManager.swift in Sources */,
				48BC7E0B2D2F3787006248D8 /* SecondScreen.swift in Sources */,
			);
			runOnlyForDeploymentPostprocessing = 0;
		};
		48BC7DE12D2F2573006248D8 /* Sources */ = {
			isa = PBXSourcesBuildPhase;
			buildActionMask = 2147483647;
			files = (
				48BC7DEA2D2F2573006248D8 /* MovieListTests.swift in Sources */,
			);
			runOnlyForDeploymentPostprocessing = 0;
		};
		48BC7DEB2D2F2573006248D8 /* Sources */ = {
			isa = PBXSourcesBuildPhase;
			buildActionMask = 2147483647;
			files = (
				48BC7DF42D2F2573006248D8 /* MovieListUITests.swift in Sources */,
				48BC7DF62D2F2573006248D8 /* MovieListUITestsLaunchTests.swift in Sources */,
			);
			runOnlyForDeploymentPostprocessing = 0;
		};
/* End PBXSourcesBuildPhase section */

/* Begin PBXTargetDependency section */
		48BC7DE72D2F2573006248D8 /* PBXTargetDependency */ = {
			isa = PBXTargetDependency;
			target = 48BC7DCE2D2F2570006248D8 /* MovieList */;
			targetProxy = 48BC7DE62D2F2573006248D8 /* PBXContainerItemProxy */;
		};
		48BC7DF12D2F2573006248D8 /* PBXTargetDependency */ = {
			isa = PBXTargetDependency;
			target = 48BC7DCE2D2F2570006248D8 /* MovieList */;
			targetProxy = 48BC7DF02D2F2573006248D8 /* PBXContainerItemProxy */;
		};
/* End PBXTargetDependency section */

/* Begin PBXVariantGroup section */
		48BC7DD82D2F2570006248D8 /* Main.storyboard */ = {
			isa = PBXVariantGroup;
			children = (
				48BC7DD92D2F2570006248D8 /* Base */,
			);
			name = Main.storyboard;
			sourceTree = "<group>";
		};
		48BC7DDD2D2F2572006248D8 /* LaunchScreen.storyboard */ = {
			isa = PBXVariantGroup;
			children = (
				48BC7DDE2D2F2572006248D8 /* Base */,
			);
			name = LaunchScreen.storyboard;
			sourceTree = "<group>";
		};
/* End PBXVariantGroup section */

/* Begin XCBuildConfiguration section */
		48BC7DF72D2F2573006248D8 /* Debug */ = {
			isa = XCBuildConfiguration;
			buildSettings = {
				ALWAYS_SEARCH_USER_PATHS = NO;
				ASSETCATALOG_COMPILER_GENERATE_SWIFT_ASSET_SYMBOL_EXTENSIONS = YES;
				CLANG_ANALYZER_NONNULL = YES;
				CLANG_ANALYZER_NUMBER_OBJECT_CONVERSION = YES_AGGRESSIVE;
				CLANG_CXX_LANGUAGE_STANDARD = "gnu++20";
				CLANG_ENABLE_MODULES = YES;
				CLANG_ENABLE_OBJC_ARC = YES;
				CLANG_ENABLE_OBJC_WEAK = YES;
				CLANG_WARN_BLOCK_CAPTURE_AUTORELEASING = YES;
				CLANG_WARN_BOOL_CONVERSION = YES;
				CLANG_WARN_COMMA = YES;
				CLANG_WARN_CONSTANT_CONVERSION = YES;
				CLANG_WARN_DEPRECATED_OBJC_IMPLEMENTATIONS = YES;
				CLANG_WARN_DIRECT_OBJC_ISA_USAGE = YES_ERROR;
				CLANG_WARN_DOCUMENTATION_COMMENTS = YES;
				CLANG_WARN_EMPTY_BODY = YES;
				CLANG_WARN_ENUM_CONVERSION = YES;
				CLANG_WARN_INFINITE_RECURSION = YES;
				CLANG_WARN_INT_CONVERSION = YES;
				CLANG_WARN_NON_LITERAL_NULL_CONVERSION = YES;
				CLANG_WARN_OBJC_IMPLICIT_RETAIN_SELF = YES;
				CLANG_WARN_OBJC_LITERAL_CONVERSION = YES;
				CLANG_WARN_OBJC_ROOT_CLASS = YES_ERROR;
				CLANG_WARN_QUOTED_INCLUDE_IN_FRAMEWORK_HEADER = YES;
				CLANG_WARN_RANGE_LOOP_ANALYSIS = YES;
				CLANG_WARN_STRICT_PROTOTYPES = YES;
				CLANG_WARN_SUSPICIOUS_MOVE = YES;
				CLANG_WARN_UNGUARDED_AVAILABILITY = YES_AGGRESSIVE;
				CLANG_WARN_UNREACHABLE_CODE = YES;
				CLANG_WARN__DUPLICATE_METHOD_MATCH = YES;
				COPY_PHASE_STRIP = NO;
				DEBUG_INFORMATION_FORMAT = dwarf;
				ENABLE_STRICT_OBJC_MSGSEND = YES;
				ENABLE_TESTABILITY = YES;
				ENABLE_USER_SCRIPT_SANDBOXING = YES;
				GCC_C_LANGUAGE_STANDARD = gnu17;
				GCC_DYNAMIC_NO_PIC = NO;
				GCC_NO_COMMON_BLOCKS = YES;
				GCC_OPTIMIZATION_LEVEL = 0;
				GCC_PREPROCESSOR_DEFINITIONS = (
					"DEBUG=1",
					"$(inherited)",
				);
				GCC_WARN_64_TO_32_BIT_CONVERSION = YES;
				GCC_WARN_ABOUT_RETURN_TYPE = YES_ERROR;
				GCC_WARN_UNDECLARED_SELECTOR = YES;
				GCC_WARN_UNINITIALIZED_AUTOS = YES_AGGRESSIVE;
				GCC_WARN_UNUSED_FUNCTION = YES;
				GCC_WARN_UNUSED_VARIABLE = YES;
				IPHONEOS_DEPLOYMENT_TARGET = 17.2;
				LOCALIZATION_PREFERS_STRING_CATALOGS = YES;
				MTL_ENABLE_DEBUG_INFO = INCLUDE_SOURCE;
				MTL_FAST_MATH = YES;
				ONLY_ACTIVE_ARCH = YES;
				SDKROOT = iphoneos;
				SWIFT_ACTIVE_COMPILATION_CONDITIONS = "DEBUG $(inherited)";
				SWIFT_OPTIMIZATION_LEVEL = "-Onone";
			};
			name = Debug;
		};
		48BC7DF82D2F2573006248D8 /* Release */ = {
			isa = XCBuildConfiguration;
			buildSettings = {
				ALWAYS_SEARCH_USER_PATHS = NO;
				ASSETCATALOG_COMPILER_GENERATE_SWIFT_ASSET_SYMBOL_EXTENSIONS = YES;
				CLANG_ANALYZER_NONNULL = YES;
				CLANG_ANALYZER_NUMBER_OBJECT_CONVERSION = YES_AGGRESSIVE;
				CLANG_CXX_LANGUAGE_STANDARD = "gnu++20";
				CLANG_ENABLE_MODULES = YES;
				CLANG_ENABLE_OBJC_ARC = YES;
				CLANG_ENABLE_OBJC_WEAK = YES;
				CLANG_WARN_BLOCK_CAPTURE_AUTORELEASING = YES;
				CLANG_WARN_BOOL_CONVERSION = YES;
				CLANG_WARN_COMMA = YES;
				CLANG_WARN_CONSTANT_CONVERSION = YES;
				CLANG_WARN_DEPRECATED_OBJC_IMPLEMENTATIONS = YES;
				CLANG_WARN_DIRECT_OBJC_ISA_USAGE = YES_ERROR;
				CLANG_WARN_DOCUMENTATION_COMMENTS = YES;
				CLANG_WARN_EMPTY_BODY = YES;
				CLANG_WARN_ENUM_CONVERSION = YES;
				CLANG_WARN_INFINITE_RECURSION = YES;
				CLANG_WARN_INT_CONVERSION = YES;
				CLANG_WARN_NON_LITERAL_NULL_CONVERSION = YES;
				CLANG_WARN_OBJC_IMPLICIT_RETAIN_SELF = YES;
				CLANG_WARN_OBJC_LITERAL_CONVERSION = YES;
				CLANG_WARN_OBJC_ROOT_CLASS = YES_ERROR;
				CLANG_WARN_QUOTED_INCLUDE_IN_FRAMEWORK_HEADER = YES;
				CLANG_WARN_RANGE_LOOP_ANALYSIS = YES;
				CLANG_WARN_STRICT_PROTOTYPES = YES;
				CLANG_WARN_SUSPICIOUS_MOVE = YES;
				CLANG_WARN_UNGUARDED_AVAILABILITY = YES_AGGRESSIVE;
				CLANG_WARN_UNREACHABLE_CODE = YES;
				CLANG_WARN__DUPLICATE_METHOD_MATCH = YES;
				COPY_PHASE_STRIP = NO;
				DEBUG_INFORMATION_FORMAT = "dwarf-with-dsym";
				ENABLE_NS_ASSERTIONS = NO;
				ENABLE_STRICT_OBJC_MSGSEND = YES;
				ENABLE_USER_SCRIPT_SANDBOXING = YES;
				GCC_C_LANGUAGE_STANDARD = gnu17;
				GCC_NO_COMMON_BLOCKS = YES;
				GCC_WARN_64_TO_32_BIT_CONVERSION = YES;
				GCC_WARN_ABOUT_RETURN_TYPE = YES_ERROR;
				GCC_WARN_UNDECLARED_SELECTOR = YES;
				GCC_WARN_UNINITIALIZED_AUTOS = YES_AGGRESSIVE;
				GCC_WARN_UNUSED_FUNCTION = YES;
				GCC_WARN_UNUSED_VARIABLE = YES;
				IPHONEOS_DEPLOYMENT_TARGET = 17.2;
				LOCALIZATION_PREFERS_STRING_CATALOGS = YES;
				MTL_ENABLE_DEBUG_INFO = NO;
				MTL_FAST_MATH = YES;
				SDKROOT = iphoneos;
				SWIFT_COMPILATION_MODE = wholemodule;
				VALIDATE_PRODUCT = YES;
			};
			name = Release;
		};
		48BC7DFA2D2F2573006248D8 /* Debug */ = {
			isa = XCBuildConfiguration;
			baseConfigurationReference = 870CEFA64DB54560A369AE18 /* Pods-MovieList.debug.xcconfig */;
			buildSettings = {
				ASSETCATALOG_COMPILER_APPICON_NAME = AppIcon;
				ASSETCATALOG_COMPILER_GLOBAL_ACCENT_COLOR_NAME = AccentColor;
				CODE_SIGN_STYLE = Automatic;
				CURRENT_PROJECT_VERSION = 1;
				ENABLE_USER_SCRIPT_SANDBOXING = NO;
				GENERATE_INFOPLIST_FILE = YES;
				INFOPLIST_FILE = MovieList/Info.plist;
				INFOPLIST_KEY_UIApplicationSupportsIndirectInputEvents = YES;
				INFOPLIST_KEY_UILaunchStoryboardName = LaunchScreen;
				INFOPLIST_KEY_UIMainStoryboardFile = Main;
				INFOPLIST_KEY_UISupportedInterfaceOrientations_iPad = "UIInterfaceOrientationPortrait UIInterfaceOrientationPortraitUpsideDown UIInterfaceOrientationLandscapeLeft UIInterfaceOrientationLandscapeRight";
				INFOPLIST_KEY_UISupportedInterfaceOrientations_iPhone = "UIInterfaceOrientationPortrait UIInterfaceOrientationLandscapeLeft UIInterfaceOrientationLandscapeRight";
				LD_RUNPATH_SEARCH_PATHS = (
					"$(inherited)",
					"@executable_path/Frameworks",
				);
				MARKETING_VERSION = 1.0;
				PRODUCT_BUNDLE_IDENTIFIER = com.MovieList;
				PRODUCT_NAME = "$(TARGET_NAME)";
				SWIFT_EMIT_LOC_STRINGS = YES;
				SWIFT_VERSION = 5.0;
				TARGETED_DEVICE_FAMILY = "1,2";
			};
			name = Debug;
		};
		48BC7DFB2D2F2573006248D8 /* Release */ = {
			isa = XCBuildConfiguration;
			baseConfigurationReference = B612545A530553FDA9A9C838 /* Pods-MovieList.release.xcconfig */;
			buildSettings = {
				ASSETCATALOG_COMPILER_APPICON_NAME = AppIcon;
				ASSETCATALOG_COMPILER_GLOBAL_ACCENT_COLOR_NAME = AccentColor;
				CODE_SIGN_STYLE = Automatic;
				CURRENT_PROJECT_VERSION = 1;
				ENABLE_USER_SCRIPT_SANDBOXING = NO;
				GENERATE_INFOPLIST_FILE = YES;
				INFOPLIST_FILE = MovieList/Info.plist;
				INFOPLIST_KEY_UIApplicationSupportsIndirectInputEvents = YES;
				INFOPLIST_KEY_UILaunchStoryboardName = LaunchScreen;
				INFOPLIST_KEY_UIMainStoryboardFile = Main;
				INFOPLIST_KEY_UISupportedInterfaceOrientations_iPad = "UIInterfaceOrientationPortrait UIInterfaceOrientationPortraitUpsideDown UIInterfaceOrientationLandscapeLeft UIInterfaceOrientationLandscapeRight";
				INFOPLIST_KEY_UISupportedInterfaceOrientations_iPhone = "UIInterfaceOrientationPortrait UIInterfaceOrientationLandscapeLeft UIInterfaceOrientationLandscapeRight";
				LD_RUNPATH_SEARCH_PATHS = (
					"$(inherited)",
					"@executable_path/Frameworks",
				);
				MARKETING_VERSION = 1.0;
				PRODUCT_BUNDLE_IDENTIFIER = com.MovieList;
				PRODUCT_NAME = "$(TARGET_NAME)";
				SWIFT_EMIT_LOC_STRINGS = YES;
				SWIFT_VERSION = 5.0;
				TARGETED_DEVICE_FAMILY = "1,2";
			};
			name = Release;
		};
		48BC7DFD2D2F2573006248D8 /* Debug */ = {
			isa = XCBuildConfiguration;
			buildSettings = {
				ALWAYS_EMBED_SWIFT_STANDARD_LIBRARIES = YES;
				BUNDLE_LOADER = "$(TEST_HOST)";
				CODE_SIGN_STYLE = Automatic;
				CURRENT_PROJECT_VERSION = 1;
				GENERATE_INFOPLIST_FILE = YES;
				IPHONEOS_DEPLOYMENT_TARGET = 17.2;
				MARKETING_VERSION = 1.0;
				PRODUCT_BUNDLE_IDENTIFIER = com.MovieListTests;
				PRODUCT_NAME = "$(TARGET_NAME)";
				SWIFT_EMIT_LOC_STRINGS = NO;
				SWIFT_VERSION = 5.0;
				TARGETED_DEVICE_FAMILY = "1,2";
				TEST_HOST = "$(BUILT_PRODUCTS_DIR)/MovieList.app/$(BUNDLE_EXECUTABLE_FOLDER_PATH)/MovieList";
			};
			name = Debug;
		};
		48BC7DFE2D2F2573006248D8 /* Release */ = {
			isa = XCBuildConfiguration;
			buildSettings = {
				ALWAYS_EMBED_SWIFT_STANDARD_LIBRARIES = YES;
				BUNDLE_LOADER = "$(TEST_HOST)";
				CODE_SIGN_STYLE = Automatic;
				CURRENT_PROJECT_VERSION = 1;
				GENERATE_INFOPLIST_FILE = YES;
				IPHONEOS_DEPLOYMENT_TARGET = 17.2;
				MARKETING_VERSION = 1.0;
				PRODUCT_BUNDLE_IDENTIFIER = com.MovieListTests;
				PRODUCT_NAME = "$(TARGET_NAME)";
				SWIFT_EMIT_LOC_STRINGS = NO;
				SWIFT_VERSION = 5.0;
				TARGETED_DEVICE_FAMILY = "1,2";
				TEST_HOST = "$(BUILT_PRODUCTS_DIR)/MovieList.app/$(BUNDLE_EXECUTABLE_FOLDER_PATH)/MovieList";
			};
			name = Release;
		};
		48BC7E002D2F2573006248D8 /* Debug */ = {
			isa = XCBuildConfiguration;
			buildSettings = {
				ALWAYS_EMBED_SWIFT_STANDARD_LIBRARIES = YES;
				CODE_SIGN_STYLE = Automatic;
				CURRENT_PROJECT_VERSION = 1;
				GENERATE_INFOPLIST_FILE = YES;
				MARKETING_VERSION = 1.0;
				PRODUCT_BUNDLE_IDENTIFIER = com.MovieListUITests;
				PRODUCT_NAME = "$(TARGET_NAME)";
				SWIFT_EMIT_LOC_STRINGS = NO;
				SWIFT_VERSION = 5.0;
				TARGETED_DEVICE_FAMILY = "1,2";
				TEST_TARGET_NAME = MovieList;
			};
			name = Debug;
		};
		48BC7E012D2F2573006248D8 /* Release */ = {
			isa = XCBuildConfiguration;
			buildSettings = {
				ALWAYS_EMBED_SWIFT_STANDARD_LIBRARIES = YES;
				CODE_SIGN_STYLE = Automatic;
				CURRENT_PROJECT_VERSION = 1;
				GENERATE_INFOPLIST_FILE = YES;
				MARKETING_VERSION = 1.0;
				PRODUCT_BUNDLE_IDENTIFIER = com.MovieListUITests;
				PRODUCT_NAME = "$(TARGET_NAME)";
				SWIFT_EMIT_LOC_STRINGS = NO;
				SWIFT_VERSION = 5.0;
				TARGETED_DEVICE_FAMILY = "1,2";
				TEST_TARGET_NAME = MovieList;
			};
			name = Release;
		};
/* End XCBuildConfiguration section */

/* Begin XCConfigurationList section */
		48BC7DCA2D2F2570006248D8 /* Build configuration list for PBXProject "MovieList" */ = {
			isa = XCConfigurationList;
			buildConfigurations = (
				48BC7DF72D2F2573006248D8 /* Debug */,
				48BC7DF82D2F2573006248D8 /* Release */,
			);
			defaultConfigurationIsVisible = 0;
			defaultConfigurationName = Release;
		};
		48BC7DF92D2F2573006248D8 /* Build configuration list for PBXNativeTarget "MovieList" */ = {
			isa = XCConfigurationList;
			buildConfigurations = (
				48BC7DFA2D2F2573006248D8 /* Debug */,
				48BC7DFB2D2F2573006248D8 /* Release */,
			);
			defaultConfigurationIsVisible = 0;
			defaultConfigurationName = Release;
		};
		48BC7DFC2D2F2573006248D8 /* Build configuration list for PBXNativeTarget "MovieListTests" */ = {
			isa = XCConfigurationList;
			buildConfigurations = (
				48BC7DFD2D2F2573006248D8 /* Debug */,
				48BC7DFE2D2F2573006248D8 /* Release */,
			);
			defaultConfigurationIsVisible = 0;
			defaultConfigurationName = Release;
		};
		48BC7DFF2D2F2573006248D8 /* Build configuration list for PBXNativeTarget "MovieListUITests" */ = {
			isa = XCConfigurationList;
			buildConfigurations = (
				48BC7E002D2F2573006248D8 /* Debug */,
				48BC7E012D2F2573006248D8 /* Release */,
			);
			defaultConfigurationIsVisible = 0;
			defaultConfigurationName = Release;
		};
/* End XCConfigurationList section */
	};
	rootObject = 48BC7DC72D2F2570006248D8 /* Project object */;
}
